Microsoft Visual Studio Solution File, Format Version 12.00
# Visual Studio Version 17
VisualStudioVersion = 17.5.2.0
MinimumVisualStudioVersion = 10.0.40219.1
Project("{FAE04EC0-301F-11D3-BF4B-00C04F79EFBC}") = "04doubles", "04doubles.csproj", "{7C005A0F-9230-EAB4-EE5F-C3891D08B166}"
EndProject
Global
	GlobalSection(SolutionConfigurationPlatforms) = preSolution
		Debug|Any CPU = Debug|Any CPU
		Release|Any CPU = Release|Any CPU
	EndGlobalSection
	GlobalSection(ProjectConfigurationPlatforms) = postSolution
		{7C005A0F-9230-EAB4-EE5F-C3891D08B166}.Debug|Any CPU.ActiveCfg = Debug|Any CPU
		{7C005A0F-9230-EAB4-EE5F-C3891D08B166}.Debug|Any CPU.Build.0 = Debug|Any CPU
		{7C005A0F-9230-EAB4-EE5F-C3891D08B166}.Release|Any CPU.ActiveCfg = Release|Any CPU
		{7C005A0F-9230-EAB4-EE5F-C3891D08B166}.Release|Any CPU.Build.0 = Release|Any CPU
	EndGlobalSection
	GlobalSection(SolutionProperties) = preSolution
		HideSolutionNode = FALSE
	EndGlobalSection
	GlobalSection(ExtensibilityGlobals) = postSolution
		SolutionGuid = {E8D8F6CE-5A84-44AE-A0C8-20922074DBA8}
	EndGlobalSection
EndGlobal
