Microsoft Visual Studio Solution File, Format Version 12.00
# Visual Studio Version 17
VisualStudioVersion = 17.5.2.0
MinimumVisualStudioVersion = 10.0.40219.1
Project("{FAE04EC0-301F-11D3-BF4B-00C04F79EFBC}") = "helloworld-console", "helloworld-console.csproj", "{4F84008A-3AA6-0D3D-7FB4-C24EEAF58132}"
EndProject
Global
	GlobalSection(SolutionConfigurationPlatforms) = preSolution
		Debug|Any CPU = Debug|Any CPU
		Release|Any CPU = Release|Any CPU
	EndGlobalSection
	GlobalSection(ProjectConfigurationPlatforms) = postSolution
		{4F84008A-3AA6-0D3D-7FB4-C24EEAF58132}.Debug|Any CPU.ActiveCfg = Debug|Any CPU
		{4F84008A-3AA6-0D3D-7FB4-C24EEAF58132}.Debug|Any CPU.Build.0 = Debug|Any CPU
		{4F84008A-3AA6-0D3D-7FB4-C24EEAF58132}.Release|Any CPU.ActiveCfg = Release|Any CPU
		{4F84008A-3AA6-0D3D-7FB4-C24EEAF58132}.Release|Any CPU.Build.0 = Release|Any CPU
	EndGlobalSection
	GlobalSection(SolutionProperties) = preSolution
		HideSolutionNode = FALSE
	EndGlobalSection
	GlobalSection(ExtensibilityGlobals) = postSolution
		SolutionGuid = {8365449D-061B-4E01-9F47-E19DF639C7F4}
	EndGlobalSection
EndGlobal
